// !$*UTF8*$!
{
	archiveVersion = 1;
	classes = {
	};
	objectVersion = 50;
	objects = {

/* Begin PBXBuildFile section */
		3E8E18EF2753CBCB00256F2F /* OverviewViewModel.swift in Sources */ = {isa = PBXBuildFile; fileRef = 3E8E18EE2753CBCB00256F2F /* OverviewViewModel.swift */; };
		3E8E18F32753CD4300256F2F /* LocalVideos.json in Resources */ = {isa = PBXBuildFile; fileRef = 3E8E18F22753CD4300256F2F /* LocalVideos.json */; };
		3E8E18F62753CD5200256F2F /* RemoteVideos.json in Resources */ = {isa = PBXBuildFile; fileRef = 3E8E18F52753CD5200256F2F /* RemoteVideos.json */; };
		3E8E18FB2753D2AB00256F2F /* newYorkFlip.mp4 in Resources */ = {isa = PBXBuildFile; fileRef = 3E8E18F92753CE1100256F2F /* newYorkFlip.mp4 */; };
		3EF835092753BB9200B49B02 /* AppDelegate.swift in Sources */ = {isa = PBXBuildFile; fileRef = 3EF835082753BB9200B49B02 /* AppDelegate.swift */; };
		3EF8350B2753BB9200B49B02 /* SceneDelegate.swift in Sources */ = {isa = PBXBuildFile; fileRef = 3EF8350A2753BB9200B49B02 /* SceneDelegate.swift */; };
		3EF835102753BB9200B49B02 /* Main.storyboard in Resources */ = {isa = PBXBuildFile; fileRef = 3EF8350E2753BB9200B49B02 /* Main.storyboard */; };
		3EF835122753BB9A00B49B02 /* Assets.xcassets in Resources */ = {isa = PBXBuildFile; fileRef = 3EF835112753BB9A00B49B02 /* Assets.xcassets */; };
		3EF835152753BB9A00B49B02 /* LaunchScreen.storyboard in Resources */ = {isa = PBXBuildFile; fileRef = 3EF835132753BB9A00B49B02 /* LaunchScreen.storyboard */; };
		3EF835252753BC2600B49B02 /* VideoPlayerViewController.swift in Sources */ = {isa = PBXBuildFile; fileRef = 3EF835242753BC2600B49B02 /* VideoPlayerViewController.swift */; };
		3EF835282753BC5A00B49B02 /* Video.swift in Sources */ = {isa = PBXBuildFile; fileRef = 3EF835272753BC5A00B49B02 /* Video.swift */; };
		3EF835302753BF1100B49B02 /* VideoRepository.swift in Sources */ = {isa = PBXBuildFile; fileRef = 3EF8352F2753BF1100B49B02 /* VideoRepository.swift */; };
		3EF835362753C0D200B49B02 /* VideoOverviewViewController.swift in Sources */ = {isa = PBXBuildFile; fileRef = 3EF835352753C0D200B49B02 /* VideoOverviewViewController.swift */; };
		3EF8353C2753C11700B49B02 /* OverviewTableViewCell.swift in Sources */ = {isa = PBXBuildFile; fileRef = 3EF8353A2753C11700B49B02 /* OverviewTableViewCell.swift */; };
		3EF8353D2753C11700B49B02 /* OverviewTableViewCell.xib in Resources */ = {isa = PBXBuildFile; fileRef = 3EF8353B2753C11700B49B02 /* OverviewTableViewCell.xib */; };
/* End PBXBuildFile section */

/* Begin PBXFileReference section */
		3E8E18EE2753CBCB00256F2F /* OverviewViewModel.swift */ = {isa = PBXFileReference; lastKnownFileType = sourcecode.swift; path = OverviewViewModel.swift; sourceTree = "<group>"; };
		3E8E18F22753CD4300256F2F /* LocalVideos.json */ = {isa = PBXFileReference; lastKnownFileType = text.json; path = LocalVideos.json; sourceTree = "<group>"; };
		3E8E18F52753CD5200256F2F /* RemoteVideos.json */ = {isa = PBXFileReference; lastKnownFileType = text.json; path = RemoteVideos.json; sourceTree = "<group>"; };
		3E8E18F92753CE1100256F2F /* newYorkFlip.mp4 */ = {isa = PBXFileReference; lastKnownFileType = file; path = newYorkFlip.mp4; sourceTree = "<group>"; };
		3EF835052753BB9200B49B02 /* VideoStreaming.app */ = {isa = PBXFileReference; explicitFileType = wrapper.application; includeInIndex = 0; path = VideoStreaming.app; sourceTree = BUILT_PRODUCTS_DIR; };
		3EF835082753BB9200B49B02 /* AppDelegate.swift */ = {isa = PBXFileReference; lastKnownFileType = sourcecode.swift; path = AppDelegate.swift; sourceTree = "<group>"; };
		3EF8350A2753BB9200B49B02 /* SceneDelegate.swift */ = {isa = PBXFileReference; lastKnownFileType = sourcecode.swift; path = SceneDelegate.swift; sourceTree = "<group>"; };
		3EF8350F2753BB9200B49B02 /* Base */ = {isa = PBXFileReference; lastKnownFileType = file.storyboard; name = Base; path = Base.lproj/Main.storyboard; sourceTree = "<group>"; };
		3EF835112753BB9A00B49B02 /* Assets.xcassets */ = {isa = PBXFileReference; lastKnownFileType = folder.assetcatalog; path = Assets.xcassets; sourceTree = "<group>"; };
		3EF835142753BB9A00B49B02 /* Base */ = {isa = PBXFileReference; lastKnownFileType = file.storyboard; name = Base; path = Base.lproj/LaunchScreen.storyboard; sourceTree = "<group>"; };
		3EF835162753BB9A00B49B02 /* Info.plist */ = {isa = PBXFileReference; lastKnownFileType = text.plist.xml; path = Info.plist; sourceTree = "<group>"; };
		3EF835242753BC2600B49B02 /* VideoPlayerViewController.swift */ = {isa = PBXFileReference; lastKnownFileType = sourcecode.swift; path = VideoPlayerViewController.swift; sourceTree = "<group>"; };
		3EF835272753BC5A00B49B02 /* Video.swift */ = {isa = PBXFileReference; lastKnownFileType = sourcecode.swift; path = Video.swift; sourceTree = "<group>"; };
		3EF8352F2753BF1100B49B02 /* VideoRepository.swift */ = {isa = PBXFileReference; lastKnownFileType = sourcecode.swift; path = VideoRepository.swift; sourceTree = "<group>"; };
		3EF835352753C0D200B49B02 /* VideoOverviewViewController.swift */ = {isa = PBXFileReference; lastKnownFileType = sourcecode.swift; path = VideoOverviewViewController.swift; sourceTree = "<group>"; };
		3EF8353A2753C11700B49B02 /* OverviewTableViewCell.swift */ = {isa = PBXFileReference; lastKnownFileType = sourcecode.swift; path = OverviewTableViewCell.swift; sourceTree = "<group>"; };
		3EF8353B2753C11700B49B02 /* OverviewTableViewCell.xib */ = {isa = PBXFileReference; lastKnownFileType = file.xib; path = OverviewTableViewCell.xib; sourceTree = "<group>"; };
/* End PBXFileReference section */

/* Begin PBXFrameworksBuildPhase section */
		3EF835022753BB9200B49B02 /* Frameworks */ = {
			isa = PBXFrameworksBuildPhase;
			buildActionMask = 2147483647;
			files = (
			);
			runOnlyForDeploymentPostprocessing = 0;
		};
/* End PBXFrameworksBuildPhase section */

/* Begin PBXGroup section */
		3E8E18F12753CD2100256F2F /* Resources */ = {
			isa = PBXGroup;
			children = (
				3E8E18F82753CE0200256F2F /* Local videos */,
				3E8E18F22753CD4300256F2F /* LocalVideos.json */,
				3E8E18F52753CD5200256F2F /* RemoteVideos.json */,
			);
			path = Resources;
			sourceTree = "<group>";
		};
		3E8E18F82753CE0200256F2F /* Local videos */ = {
			isa = PBXGroup;
			children = (
				3E8E18F92753CE1100256F2F /* newYorkFlip.mp4 */,
			);
			path = "Local videos";
			sourceTree = "<group>";
		};
		3EF834FC2753BB9200B49B02 = {
			isa = PBXGroup;
			children = (
				3EF835072753BB9200B49B02 /* VideoStreaming */,
				3EF835062753BB9200B49B02 /* Products */,
			);
			sourceTree = "<group>";
		};
		3EF835062753BB9200B49B02 /* Products */ = {
			isa = PBXGroup;
			children = (
				3EF835052753BB9200B49B02 /* VideoStreaming.app */,
			);
			name = Products;
			sourceTree = "<group>";
		};
		3EF835072753BB9200B49B02 /* VideoStreaming */ = {
			isa = PBXGroup;
			children = (
				3EF835082753BB9200B49B02 /* AppDelegate.swift */,
				3EF8350A2753BB9200B49B02 /* SceneDelegate.swift */,
				3EF835422753C95C00B49B02 /* Presentation */,
				3EF835412753C94B00B49B02 /* Infrastructure */,
				3EF835432753C97500B49B02 /* Supporting Files */,
			);
			path = VideoStreaming;
			sourceTree = "<group>";
		};
		3EF835222753BBF500B49B02 /* VideoPlayer */ = {
			isa = PBXGroup;
			children = (
				3EF835242753BC2600B49B02 /* VideoPlayerViewController.swift */,
			);
			path = VideoPlayer;
			sourceTree = "<group>";
		};
		3EF835342753C0BE00B49B02 /* Overview */ = {
			isa = PBXGroup;
			children = (
				3EF835352753C0D200B49B02 /* VideoOverviewViewController.swift */,
				3E8E18EE2753CBCB00256F2F /* OverviewViewModel.swift */,
				3EF835392753C0FD00B49B02 /* Cells */,
			);
			path = Overview;
			sourceTree = "<group>";
		};
		3EF835392753C0FD00B49B02 /* Cells */ = {
			isa = PBXGroup;
			children = (
				3EF8353A2753C11700B49B02 /* OverviewTableViewCell.swift */,
				3EF8353B2753C11700B49B02 /* OverviewTableViewCell.xib */,
			);
			path = Cells;
			sourceTree = "<group>";
		};
		3EF835412753C94B00B49B02 /* Infrastructure */ = {
			isa = PBXGroup;
			children = (
				3E8E18F12753CD2100256F2F /* Resources */,
				3EF835272753BC5A00B49B02 /* Video.swift */,
				3EF8352F2753BF1100B49B02 /* VideoRepository.swift */,
			);
			path = Infrastructure;
			sourceTree = "<group>";
		};
		3EF835422753C95C00B49B02 /* Presentation */ = {
			isa = PBXGroup;
			children = (
				3EF8350E2753BB9200B49B02 /* Main.storyboard */,
				3EF835342753C0BE00B49B02 /* Overview */,
				3EF835222753BBF500B49B02 /* VideoPlayer */,
			);
			path = Presentation;
			sourceTree = "<group>";
		};
		3EF835432753C97500B49B02 /* Supporting Files */ = {
			isa = PBXGroup;
			children = (
				3EF835112753BB9A00B49B02 /* Assets.xcassets */,
				3EF835132753BB9A00B49B02 /* LaunchScreen.storyboard */,
				3EF835162753BB9A00B49B02 /* Info.plist */,
			);
			path = "Supporting Files";
			sourceTree = "<group>";
		};
/* End PBXGroup section */

/* Begin PBXNativeTarget section */
		3EF835042753BB9200B49B02 /* VideoStreaming */ = {
			isa = PBXNativeTarget;
			buildConfigurationList = 3EF835192753BB9A00B49B02 /* Build configuration list for PBXNativeTarget "VideoStreaming" */;
			buildPhases = (
				3EF835012753BB9200B49B02 /* Sources */,
				3EF835022753BB9200B49B02 /* Frameworks */,
				3EF835032753BB9200B49B02 /* Resources */,
			);
			buildRules = (
			);
			dependencies = (
			);
			name = VideoStreaming;
			productName = VideoStreaming;
			productReference = 3EF835052753BB9200B49B02 /* VideoStreaming.app */;
			productType = "com.apple.product-type.application";
		};
/* End PBXNativeTarget section */

/* Begin PBXProject section */
		3EF834FD2753BB9200B49B02 /* Project object */ = {
			isa = PBXProject;
			attributes = {
				LastSwiftUpdateCheck = 1240;
				LastUpgradeCheck = 1240;
				TargetAttributes = {
					3EF835042753BB9200B49B02 = {
						CreatedOnToolsVersion = 12.4;
					};
				};
			};
			buildConfigurationList = 3EF835002753BB9200B49B02 /* Build configuration list for PBXProject "VideoStreaming" */;
			compatibilityVersion = "Xcode 9.3";
			developmentRegion = en;
			hasScannedForEncodings = 0;
			knownRegions = (
				en,
				Base,
			);
			mainGroup = 3EF834FC2753BB9200B49B02;
			productRefGroup = 3EF835062753BB9200B49B02 /* Products */;
			projectDirPath = "";
			projectRoot = "";
			targets = (
				3EF835042753BB9200B49B02 /* VideoStreaming */,
			);
		};
/* End PBXProject section */

/* Begin PBXResourcesBuildPhase section */
		3EF835032753BB9200B49B02 /* Resources */ = {
			isa = PBXResourcesBuildPhase;
			buildActionMask = 2147483647;
			files = (
				3E8E18FB2753D2AB00256F2F /* newYorkFlip.mp4 in Resources */,
				3EF8353D2753C11700B49B02 /* OverviewTableViewCell.xib in Resources */,
				3E8E18F32753CD4300256F2F /* LocalVideos.json in Resources */,
				3EF835152753BB9A00B49B02 /* LaunchScreen.storyboard in Resources */,
				3EF835122753BB9A00B49B02 /* Assets.xcassets in Resources */,
				3EF835102753BB9200B49B02 /* Main.storyboard in Resources */,
				3E8E18F62753CD5200256F2F /* RemoteVideos.json in Resources */,
			);
			runOnlyForDeploymentPostprocessing = 0;
		};
/* End PBXResourcesBuildPhase section */

/* Begin PBXSourcesBuildPhase section */
		3EF835012753BB9200B49B02 /* Sources */ = {
			isa = PBXSourcesBuildPhase;
			buildActionMask = 2147483647;
			files = (
				3EF8353C2753C11700B49B02 /* OverviewTableViewCell.swift in Sources */,
				3EF835252753BC2600B49B02 /* VideoPlayerViewController.swift in Sources */,
				3EF835302753BF1100B49B02 /* VideoRepository.swift in Sources */,
				3EF835362753C0D200B49B02 /* VideoOverviewViewController.swift in Sources */,
				3EF835282753BC5A00B49B02 /* Video.swift in Sources */,
				3E8E18EF2753CBCB00256F2F /* OverviewViewModel.swift in Sources */,
				3EF835092753BB9200B49B02 /* AppDelegate.swift in Sources */,
				3EF8350B2753BB9200B49B02 /* SceneDelegate.swift in Sources */,
			);
			runOnlyForDeploymentPostprocessing = 0;
		};
/* End PBXSourcesBuildPhase section */

/* Begin PBXVariantGroup section */
		3EF8350E2753BB9200B49B02 /* Main.storyboard */ = {
			isa = PBXVariantGroup;
			children = (
				3EF8350F2753BB9200B49B02 /* Base */,
			);
			name = Main.storyboard;
			sourceTree = "<group>";
		};
		3EF835132753BB9A00B49B02 /* LaunchScreen.storyboard */ = {
			isa = PBXVariantGroup;
			children = (
				3EF835142753BB9A00B49B02 /* Base */,
			);
			name = LaunchScreen.storyboard;
			sourceTree = "<group>";
		};
/* End PBXVariantGroup section */

/* Begin XCBuildConfiguration section */
		3EF835172753BB9A00B49B02 /* Debug */ = {
			isa = XCBuildConfiguration;
			buildSettings = {
				ALWAYS_SEARCH_USER_PATHS = NO;
				CLANG_ANALYZER_NONNULL = YES;
				CLANG_ANALYZER_NUMBER_OBJECT_CONVERSION = YES_AGGRESSIVE;
				CLANG_CXX_LANGUAGE_STANDARD = "gnu++14";
				CLANG_CXX_LIBRARY = "libc++";
				CLANG_ENABLE_MODULES = YES;
				CLANG_ENABLE_OBJC_ARC = YES;
				CLANG_ENABLE_OBJC_WEAK = YES;
				CLANG_WARN_BLOCK_CAPTURE_AUTORELEASING = YES;
				CLANG_WARN_BOOL_CONVERSION = YES;
				CLANG_WARN_COMMA = YES;
				CLANG_WARN_CONSTANT_CONVERSION = YES;
				CLANG_WARN_DEPRECATED_OBJC_IMPLEMENTATIONS = YES;
				CLANG_WARN_DIRECT_OBJC_ISA_USAGE = YES_ERROR;
				CLANG_WARN_DOCUMENTATION_COMMENTS = YES;
				CLANG_WARN_EMPTY_BODY = YES;
				CLANG_WARN_ENUM_CONVERSION = YES;
				CLANG_WARN_INFINITE_RECURSION = YES;
				CLANG_WARN_INT_CONVERSION = YES;
				CLANG_WARN_NON_LITERAL_NULL_CONVERSION = YES;
				CLANG_WARN_OBJC_IMPLICIT_RETAIN_SELF = YES;
				CLANG_WARN_OBJC_LITERAL_CONVERSION = YES;
				CLANG_WARN_OBJC_ROOT_CLASS = YES_ERROR;
				CLANG_WARN_QUOTED_INCLUDE_IN_FRAMEWORK_HEADER = YES;
				CLANG_WARN_RANGE_LOOP_ANALYSIS = YES;
				CLANG_WARN_STRICT_PROTOTYPES = YES;
				CLANG_WARN_SUSPICIOUS_MOVE = YES;
				CLANG_WARN_UNGUARDED_AVAILABILITY = YES_AGGRESSIVE;
				CLANG_WARN_UNREACHABLE_CODE = YES;
				CLANG_WARN__DUPLICATE_METHOD_MATCH = YES;
				COPY_PHASE_STRIP = NO;
				DEBUG_INFORMATION_FORMAT = dwarf;
				ENABLE_STRICT_OBJC_MSGSEND = YES;
				ENABLE_TESTABILITY = YES;
				GCC_C_LANGUAGE_STANDARD = gnu11;
				GCC_DYNAMIC_NO_PIC = NO;
				GCC_NO_COMMON_BLOCKS = YES;
				GCC_OPTIMIZATION_LEVEL = 0;
				GCC_PREPROCESSOR_DEFINITIONS = (
					"DEBUG=1",
					"$(inherited)",
				);
				GCC_WARN_64_TO_32_BIT_CONVERSION = YES;
				GCC_WARN_ABOUT_RETURN_TYPE = YES_ERROR;
				GCC_WARN_UNDECLARED_SELECTOR = YES;
				GCC_WARN_UNINITIALIZED_AUTOS = YES_AGGRESSIVE;
				GCC_WARN_UNUSED_FUNCTION = YES;
				GCC_WARN_UNUSED_VARIABLE = YES;
				IPHONEOS_DEPLOYMENT_TARGET = 14.4;
				MTL_ENABLE_DEBUG_INFO = INCLUDE_SOURCE;
				MTL_FAST_MATH = YES;
				ONLY_ACTIVE_ARCH = YES;
				SDKROOT = iphoneos;
				SWIFT_ACTIVE_COMPILATION_CONDITIONS = DEBUG;
				SWIFT_OPTIMIZATION_LEVEL = "-Onone";
			};
			name = Debug;
		};
		3EF835182753BB9A00B49B02 /* Release */ = {
			isa = XCBuildConfiguration;
			buildSettings = {
				ALWAYS_SEARCH_USER_PATHS = NO;
				CLANG_ANALYZER_NONNULL = YES;
				CLANG_ANALYZER_NUMBER_OBJECT_CONVERSION = YES_AGGRESSIVE;
				CLANG_CXX_LANGUAGE_STANDARD = "gnu++14";
				CLANG_CXX_LIBRARY = "libc++";
				CLANG_ENABLE_MODULES = YES;
				CLANG_ENABLE_OBJC_ARC = YES;
				CLANG_ENABLE_OBJC_WEAK = YES;
				CLANG_WARN_BLOCK_CAPTURE_AUTORELEASING = YES;
				CLANG_WARN_BOOL_CONVERSION = YES;
				CLANG_WARN_COMMA = YES;
				CLANG_WARN_CONSTANT_CONVERSION = YES;
				CLANG_WARN_DEPRECATED_OBJC_IMPLEMENTATIONS = YES;
				CLANG_WARN_DIRECT_OBJC_ISA_USAGE = YES_ERROR;
				CLANG_WARN_DOCUMENTATION_COMMENTS = YES;
				CLANG_WARN_EMPTY_BODY = YES;
				CLANG_WARN_ENUM_CONVERSION = YES;
				CLANG_WARN_INFINITE_RECURSION = YES;
				CLANG_WARN_INT_CONVERSION = YES;
				CLANG_WARN_NON_LITERAL_NULL_CONVERSION = YES;
				CLANG_WARN_OBJC_IMPLICIT_RETAIN_SELF = YES;
				CLANG_WARN_OBJC_LITERAL_CONVERSION = YES;
				CLANG_WARN_OBJC_ROOT_CLASS = YES_ERROR;
				CLANG_WARN_QUOTED_INCLUDE_IN_FRAMEWORK_HEADER = YES;
				CLANG_WARN_RANGE_LOOP_ANALYSIS = YES;
				CLANG_WARN_STRICT_PROTOTYPES = YES;
				CLANG_WARN_SUSPICIOUS_MOVE = YES;
				CLANG_WARN_UNGUARDED_AVAILABILITY = YES_AGGRESSIVE;
				CLANG_WARN_UNREACHABLE_CODE = YES;
				CLANG_WARN__DUPLICATE_METHOD_MATCH = YES;
				COPY_PHASE_STRIP = NO;
				DEBUG_INFORMATION_FORMAT = "dwarf-with-dsym";
				ENABLE_NS_ASSERTIONS = NO;
				ENABLE_STRICT_OBJC_MSGSEND = YES;
				GCC_C_LANGUAGE_STANDARD = gnu11;
				GCC_NO_COMMON_BLOCKS = YES;
				GCC_WARN_64_TO_32_BIT_CONVERSION = YES;
				GCC_WARN_ABOUT_RETURN_TYPE = YES_ERROR;
				GCC_WARN_UNDECLARED_SELECTOR = YES;
				GCC_WARN_UNINITIALIZED_AUTOS = YES_AGGRESSIVE;
				GCC_WARN_UNUSED_FUNCTION = YES;
				GCC_WARN_UNUSED_VARIABLE = YES;
				IPHONEOS_DEPLOYMENT_TARGET = 14.4;
				MTL_ENABLE_DEBUG_INFO = NO;
				MTL_FAST_MATH = YES;
				SDKROOT = iphoneos;
				SWIFT_COMPILATION_MODE = wholemodule;
				SWIFT_OPTIMIZATION_LEVEL = "-O";
				VALIDATE_PRODUCT = YES;
			};
			name = Release;
		};
		3EF8351A2753BB9A00B49B02 /* Debug */ = {
			isa = XCBuildConfiguration;
			buildSettings = {
				ASSETCATALOG_COMPILER_APPICON_NAME = AppIcon;
				ASSETCATALOG_COMPILER_GLOBAL_ACCENT_COLOR_NAME = AccentColor;
				CODE_SIGN_STYLE = Automatic;
				DEVELOPMENT_TEAM = 4H93268K99;
				INFOPLIST_FILE = "VideoStreaming/Supporting Files/Info.plist";
				LD_RUNPATH_SEARCH_PATHS = (
					"$(inherited)",
					"@executable_path/Frameworks",
				);
				PRODUCT_BUNDLE_IDENTIFIER = appsolut.VideoStreaming;
				PRODUCT_NAME = "$(TARGET_NAME)";
				SWIFT_VERSION = 5.0;
				TARGETED_DEVICE_FAMILY = 1;
			};
			name = Debug;
		};
		3EF8351B2753BB9A00B49B02 /* Release */ = {
			isa = XCBuildConfiguration;
			buildSettings = {
				ASSETCATALOG_COMPILER_APPICON_NAME = AppIcon;
				ASSETCATALOG_COMPILER_GLOBAL_ACCENT_COLOR_NAME = AccentColor;
				CODE_SIGN_STYLE = Automatic;
				DEVELOPMENT_TEAM = 4H93268K99;
				INFOPLIST_FILE = "VideoStreaming/Supporting Files/Info.plist";
				LD_RUNPATH_SEARCH_PATHS = (
					"$(inherited)",
					"@executable_path/Frameworks",
				);
				PRODUCT_BUNDLE_IDENTIFIER = appsolut.VideoStreaming;
				PRODUCT_NAME = "$(TARGET_NAME)";
				SWIFT_VERSION = 5.0;
				TARGETED_DEVICE_FAMILY = 1;
			};
			name = Release;
		};
/* End XCBuildConfiguration section */

/* Begin XCConfigurationList section */
		3EF835002753BB9200B49B02 /* Build configuration list for PBXProject "VideoStreaming" */ = {
			isa = XCConfigurationList;
			buildConfigurations = (
				3EF835172753BB9A00B49B02 /* Debug */,
				3EF835182753BB9A00B49B02 /* Release */,
			);
			defaultConfigurationIsVisible = 0;
			defaultConfigurationName = Release;
		};
		3EF835192753BB9A00B49B02 /* Build configuration list for PBXNativeTarget "VideoStreaming" */ = {
			isa = XCConfigurationList;
			buildConfigurations = (
				3EF8351A2753BB9A00B49B02 /* Debug */,
				3EF8351B2753BB9A00B49B02 /* Release */,
			);
			defaultConfigurationIsVisible = 0;
			defaultConfigurationName = Release;
		};
/* End XCConfigurationList section */
	};
	rootObject = 3EF834FD2753BB9200B49B02 /* Project object */;
}
